{
  "name": "api-ae-node-boilerplate",
  "version": "1.0.0",
  "lockfileVersion": 1,
  "requires": true,
  "dependencies": {
    "@fimbul/bifrost": {
      "version": "0.11.0",
      "resolved": "https://registry.npmjs.org/@fimbul/bifrost/-/bifrost-0.11.0.tgz",
      "integrity": "sha512-GspMaQafpaUoXWWOUgNLQ4vsV52tIHUt0zpKPeJUYEyMvOSp7FIcZ1eQa7SK3GTusrEiksjMrDX/fwanigC3nQ==",
      "dev": true,
      "requires": {
        "@fimbul/ymir": "0.11.0",
        "get-caller-file": "1.0.3",
        "tslib": "1.9.3",
        "tsutils": "2.29.0"
      }
    },
    "@fimbul/ymir": {
      "version": "0.11.0",
      "resolved": "https://registry.npmjs.org/@fimbul/ymir/-/ymir-0.11.0.tgz",
      "integrity": "sha512-aIYQMCWbBXe7DIofgu+4DLCPDCfqbKhPjBg4ajskJdq6CAJgySz6KyhGLNnKiDYZMF93ZsaEB/y3SafyMi98Mg==",
      "dev": true,
      "requires": {
        "inversify": "4.13.0",
        "reflect-metadata": "0.1.12",
        "tslib": "1.9.3"
      }
    },
    "get-caller-file": {
      "version": "1.0.3",
      "resolved": "https://registry.npmjs.org/get-caller-file/-/get-caller-file-1.0.3.tgz",
      "integrity": "sha512-3t6rVToeoZfYSGd8YoLFR2DJkiQrIiUrGcjvFX2mDw3bn6k2OtwHN0TNCLbBO+w8qTvimhDkv+LSscbJY1vE6w==",
      "dev": true
    },
    "inversify": {
      "version": "4.13.0",
      "resolved": "https://registry.npmjs.org/inversify/-/inversify-4.13.0.tgz",
      "integrity": "sha512-O5d8y7gKtyRwrvTLZzYET3kdFjqUy58sGpBYMARF13mzqDobpfBXVOPLH7HmnD2VR6Q+1HzZtslGvsdQfeb0SA==",
      "dev": true
    },
    "prettier": {
      "version": "1.14.2",
      "resolved": "https://registry.npmjs.org/prettier/-/prettier-1.14.2.tgz",
      "integrity": "sha512-McHPg0n1pIke+A/4VcaS2en+pTNjy4xF+Uuq86u/5dyDO59/TtFZtQ708QIRkEZ3qwKz3GVkVa6mpxK/CpB8Rg==",
      "dev": true
    },
    "reflect-metadata": {
      "version": "0.1.12",
      "resolved": "https://registry.npmjs.org/reflect-metadata/-/reflect-metadata-0.1.12.tgz",
      "integrity": "sha512-n+IyV+nGz3+0q3/Yf1ra12KpCyi001bi4XFxSjbiWWjfqb52iTTtpGXmCCAOWWIAn9KEuFZKGqBERHmrtScZ3A==",
      "dev": true
    },
    "tslib": {
      "version": "1.9.3",
      "resolved": "https://registry.npmjs.org/tslib/-/tslib-1.9.3.tgz",
      "integrity": "sha512-4krF8scpejhaOgqzBEcGM7yDIEfi0/8+8zDRZhNZZ2kjmHJ4hv3zCbQWxoJGz1iw5U0Jl0nma13xzHXcncMavQ==",
      "dev": true
    },
    "tslint-config-prettier": {
      "version": "1.15.0",
      "resolved": "https://registry.npmjs.org/tslint-config-prettier/-/tslint-config-prettier-1.15.0.tgz",
      "integrity": "sha512-06CgrHJxJmNYVgsmeMoa1KXzQRoOdvfkqnJth6XUkNeOz707qxN0WfxfhYwhL5kXHHbYJRby2bqAPKwThlZPhw==",
      "dev": true
    },
    "tslint-consistent-codestyle": {
      "version": "1.13.3",
      "resolved": "https://registry.npmjs.org/tslint-consistent-codestyle/-/tslint-consistent-codestyle-1.13.3.tgz",
      "integrity": "sha512-+ocXSNGHqUCUyTJsPhS7xqcC3qf6FyP4vd1jEaXaWaJ5NNN36gKZhqNt3nAWH/YgSV0tYaapjSWMbJQJmn/5MQ==",
      "dev": true,
      "requires": {
        "@fimbul/bifrost": "0.11.0",
        "tslib": "1.9.3",
        "tsutils": "2.29.0"
      }
    },
    "tsutils": {
      "version": "2.29.0",
      "resolved": "https://registry.npmjs.org/tsutils/-/tsutils-2.29.0.tgz",
      "integrity": "sha512-g5JVHCIJwzfISaXpXE1qvNalca5Jwob6FjI4AoPlqMusJ6ftFE7IkkFoMhVLRgK+4Kx3gkzb8UZK5t5yTTvEmA==",
      "dev": true,
      "requires": {
        "tslib": "1.9.3"
      }
    }
  }
}
